
Microsoft Visual Studio Solution File, Format Version 11.00
# Visual Studio 2010
Project("{8BC9CEB8-8B4A-11D0-8D11-00A0C91BC942}") = "OpenGLHelper", "OpenGLApplication\OpenGLApplication.vcxproj", "{BB169C6F-9C29-48C1-BCCF-45E03B1B6B5C}"
EndProject
Project("{8BC9CEB8-8B4A-11D0-8D11-00A0C91BC942}") = "OpenGLQtApp", "OpenGLQtApp\OpenGLQtApp.vcxproj", "{40010AA8-43C8-475B-8DE5-1F9A6092706B}"
	ProjectSection(ProjectDependencies) = postProject
		{5FEEEF4F-6788-4AF3-A682-91C3110E1BF8} = {5FEEEF4F-6788-4AF3-A682-91C3110E1BF8}
		{BB169C6F-9C29-48C1-BCCF-45E03B1B6B5C} = {BB169C6F-9C29-48C1-BCCF-45E03B1B6B5C}
	EndProjectSection
EndProject
Project("{8BC9CEB8-8B4A-11D0-8D11-00A0C91BC942}") = "SingleFace", "SingleFace\SingleFace.vcxproj", "{5FEEEF4F-6788-4AF3-A682-91C3110E1BF8}"
EndProject
Global
	GlobalSection(SolutionConfigurationPlatforms) = preSolution
		Debug|Win32 = Debug|Win32
		Debug|x64 = Debug|x64
		MinSizeRel|Win32 = MinSizeRel|Win32
		MinSizeRel|x64 = MinSizeRel|x64
		Release|Win32 = Release|Win32
		Release|x64 = Release|x64
		RelWithDebInfo|Win32 = RelWithDebInfo|Win32
		RelWithDebInfo|x64 = RelWithDebInfo|x64
	EndGlobalSection
	GlobalSection(ProjectConfigurationPlatforms) = postSolution
		{BB169C6F-9C29-48C1-BCCF-45E03B1B6B5C}.Debug|Win32.ActiveCfg = Debug|Win32
		{BB169C6F-9C29-48C1-BCCF-45E03B1B6B5C}.Debug|Win32.Build.0 = Debug|Win32
		{BB169C6F-9C29-48C1-BCCF-45E03B1B6B5C}.Debug|x64.ActiveCfg = Debug|Win32
		{BB169C6F-9C29-48C1-BCCF-45E03B1B6B5C}.MinSizeRel|Win32.ActiveCfg = Template|Win32
		{BB169C6F-9C29-48C1-BCCF-45E03B1B6B5C}.MinSizeRel|Win32.Build.0 = Template|Win32
		{BB169C6F-9C29-48C1-BCCF-45E03B1B6B5C}.MinSizeRel|x64.ActiveCfg = Template|Win32
		{BB169C6F-9C29-48C1-BCCF-45E03B1B6B5C}.Release|Win32.ActiveCfg = Release|Win32
		{BB169C6F-9C29-48C1-BCCF-45E03B1B6B5C}.Release|Win32.Build.0 = Release|Win32
		{BB169C6F-9C29-48C1-BCCF-45E03B1B6B5C}.Release|x64.ActiveCfg = Release|Win32
		{BB169C6F-9C29-48C1-BCCF-45E03B1B6B5C}.RelWithDebInfo|Win32.ActiveCfg = Release|Win32
		{BB169C6F-9C29-48C1-BCCF-45E03B1B6B5C}.RelWithDebInfo|Win32.Build.0 = Release|Win32
		{BB169C6F-9C29-48C1-BCCF-45E03B1B6B5C}.RelWithDebInfo|x64.ActiveCfg = Release|Win32
		{40010AA8-43C8-475B-8DE5-1F9A6092706B}.Debug|Win32.ActiveCfg = Debug|Win32
		{40010AA8-43C8-475B-8DE5-1F9A6092706B}.Debug|Win32.Build.0 = Debug|Win32
		{40010AA8-43C8-475B-8DE5-1F9A6092706B}.Debug|x64.ActiveCfg = Debug|Win32
		{40010AA8-43C8-475B-8DE5-1F9A6092706B}.MinSizeRel|Win32.ActiveCfg = Release|Win32
		{40010AA8-43C8-475B-8DE5-1F9A6092706B}.MinSizeRel|Win32.Build.0 = Release|Win32
		{40010AA8-43C8-475B-8DE5-1F9A6092706B}.MinSizeRel|x64.ActiveCfg = Release|Win32
		{40010AA8-43C8-475B-8DE5-1F9A6092706B}.Release|Win32.ActiveCfg = Release|Win32
		{40010AA8-43C8-475B-8DE5-1F9A6092706B}.Release|Win32.Build.0 = Release|Win32
		{40010AA8-43C8-475B-8DE5-1F9A6092706B}.Release|x64.ActiveCfg = Release|Win32
		{40010AA8-43C8-475B-8DE5-1F9A6092706B}.RelWithDebInfo|Win32.ActiveCfg = Release|Win32
		{40010AA8-43C8-475B-8DE5-1F9A6092706B}.RelWithDebInfo|Win32.Build.0 = Release|Win32
		{40010AA8-43C8-475B-8DE5-1F9A6092706B}.RelWithDebInfo|x64.ActiveCfg = Release|Win32
		{5FEEEF4F-6788-4AF3-A682-91C3110E1BF8}.Debug|Win32.ActiveCfg = Debug|Win32
		{5FEEEF4F-6788-4AF3-A682-91C3110E1BF8}.Debug|Win32.Build.0 = Debug|Win32
		{5FEEEF4F-6788-4AF3-A682-91C3110E1BF8}.Debug|x64.ActiveCfg = Debug|x64
		{5FEEEF4F-6788-4AF3-A682-91C3110E1BF8}.Debug|x64.Build.0 = Debug|x64
		{5FEEEF4F-6788-4AF3-A682-91C3110E1BF8}.MinSizeRel|Win32.ActiveCfg = Release|x64
		{5FEEEF4F-6788-4AF3-A682-91C3110E1BF8}.MinSizeRel|x64.ActiveCfg = Release|x64
		{5FEEEF4F-6788-4AF3-A682-91C3110E1BF8}.MinSizeRel|x64.Build.0 = Release|x64
		{5FEEEF4F-6788-4AF3-A682-91C3110E1BF8}.Release|Win32.ActiveCfg = Release|Win32
		{5FEEEF4F-6788-4AF3-A682-91C3110E1BF8}.Release|Win32.Build.0 = Release|Win32
		{5FEEEF4F-6788-4AF3-A682-91C3110E1BF8}.Release|x64.ActiveCfg = Release|x64
		{5FEEEF4F-6788-4AF3-A682-91C3110E1BF8}.Release|x64.Build.0 = Release|x64
		{5FEEEF4F-6788-4AF3-A682-91C3110E1BF8}.RelWithDebInfo|Win32.ActiveCfg = Release|x64
		{5FEEEF4F-6788-4AF3-A682-91C3110E1BF8}.RelWithDebInfo|x64.ActiveCfg = Release|x64
		{5FEEEF4F-6788-4AF3-A682-91C3110E1BF8}.RelWithDebInfo|x64.Build.0 = Release|x64
	EndGlobalSection
	GlobalSection(SolutionProperties) = preSolution
		HideSolutionNode = FALSE
	EndGlobalSection
EndGlobal
